{
  "version": 4,
  "terraform_version": "1.2.1",
  "serial": 41,
  "lineage": "19b783c5-371a-5244-8b3f-ad821fcd11ed",
  "outputs": {},
  "resources": [
    {
      "mode": "data",
      "type": "template_file",
      "name": "goserver-deployment",
      "provider": "provider[\"registry.terraform.io/hashicorp/template\"]",
      "instances": [
        {
          "schema_version": 0,
          "attributes": {
            "filename": null,
            "id": "ef7682aab9fd25c43aa19aa97e6ed36ded4dacd99953951c8e1ec1285bfa2a1a",
            "rendered": "---\napiVersion: apps/v1\nkind: Deployment\nmetadata:\n  name: gowebserver-deployment\n  namespace: gowebserver\nspec:\n  selector:\n    matchLabels:\n      app: gowebserver\n  replicas: 2\n  template:\n    metadata:\n      name: gowebserver\n      namespace: gowebserver\n      labels:\n        app: gowebserver\n    spec:\n      containers:\n        - image: 'sirireddy/gowebserver:1.0'\n          name: gowebserver\n          ports:\n            - containerPort: 8080\n              name: http\n              protocol: TCP\n          livenessProbe:\n            httpGet:\n              path: /\n              port: 8080\n            initialDelaySeconds: 5\n            timeoutSeconds: 2\n            periodSeconds: 10\n            failureThreshold: 3\n          readinessProbe:\n            httpGet:\n              path: /\n              port: 8080\n            initialDelaySeconds: 30\n            timeoutSeconds: 2\n            periodSeconds: 10\n            failureThreshold: 3\n          lifecycle:\n            preStop:\n              httpGet:\n                port: 8080\n                path: shutdown\n      initContainers:\n        - image: 'sirireddy/gowebserver:1.0'\n          name: init-server\n          command:\n            - sh\n            - '-c'\n            - sleep 30\n---\napiVersion: v1\nkind: Service\nmetadata:\n  name: gowebserver-service\n  namespace: gowebserver\nspec:\n  selector:\n    app: gowebserver\n  ports:\n    - protocol: TCP\n      port: 8080\n      targetPort: 8080\n  type: LoadBalancer",
            "template": "---\napiVersion: apps/v1\nkind: Deployment\nmetadata:\n  name: gowebserver-deployment\n  namespace: gowebserver\nspec:\n  selector:\n    matchLabels:\n      app: gowebserver\n  replicas: 2\n  template:\n    metadata:\n      name: gowebserver\n      namespace: gowebserver\n      labels:\n        app: gowebserver\n    spec:\n      containers:\n        - image: 'sirireddy/gowebserver:1.0'\n          name: gowebserver\n          ports:\n            - containerPort: 8080\n              name: http\n              protocol: TCP\n          livenessProbe:\n            httpGet:\n              path: /\n              port: 8080\n            initialDelaySeconds: 5\n            timeoutSeconds: 2\n            periodSeconds: 10\n            failureThreshold: 3\n          readinessProbe:\n            httpGet:\n              path: /\n              port: 8080\n            initialDelaySeconds: 30\n            timeoutSeconds: 2\n            periodSeconds: 10\n            failureThreshold: 3\n          lifecycle:\n            preStop:\n              httpGet:\n                port: 8080\n                path: shutdown\n      initContainers:\n        - image: 'sirireddy/gowebserver:1.0'\n          name: init-server\n          command:\n            - sh\n            - '-c'\n            - sleep 30\n---\napiVersion: v1\nkind: Service\nmetadata:\n  name: gowebserver-service\n  namespace: gowebserver\nspec:\n  selector:\n    app: gowebserver\n  ports:\n    - protocol: TCP\n      port: 8080\n      targetPort: 8080\n  type: LoadBalancer",
            "vars": null
          },
          "sensitive_attributes": []
        }
      ]
    },
    {
      "mode": "managed",
      "type": "k8s_manifest",
      "name": "goserver-deployment",
      "provider": "provider[\"registry.terraform.io/banzaicloud/k8s\"]",
      "instances": [
        {
          "schema_version": 0,
          "attributes": {
            "content": "---\napiVersion: apps/v1\nkind: Deployment\nmetadata:\n  name: gowebserver-deployment\n  namespace: gowebserver\nspec:\n  selector:\n    matchLabels:\n      app: gowebserver\n  replicas: 2\n  template:\n    metadata:\n      name: gowebserver\n      namespace: gowebserver\n      labels:\n        app: gowebserver\n    spec:\n      containers:\n        - image: 'sirireddy/gowebserver:1.0'\n          name: gowebserver\n          ports:\n            - containerPort: 8080\n              name: http\n              protocol: TCP\n          livenessProbe:\n            httpGet:\n              path: /\n              port: 8080\n            initialDelaySeconds: 5\n            timeoutSeconds: 2\n            periodSeconds: 10\n            failureThreshold: 3\n          readinessProbe:\n            httpGet:\n              path: /\n              port: 8080\n            initialDelaySeconds: 30\n            timeoutSeconds: 2\n            periodSeconds: 10\n            failureThreshold: 3\n          lifecycle:\n            preStop:\n              httpGet:\n                port: 8080\n                path: shutdown\n      initContainers:\n        - image: 'sirireddy/gowebserver:1.0'\n          name: init-server\n          command:\n            - sh\n            - '-c'\n            - sleep 30\n---\napiVersion: v1\nkind: Service\nmetadata:\n  name: gowebserver-service\n  namespace: gowebserver\nspec:\n  selector:\n    app: gowebserver\n  ports:\n    - protocol: TCP\n      port: 8080\n      targetPort: 8080\n  type: LoadBalancer",
            "delete_cascade": null,
            "id": "gowebserver::apps/v1::Deployment::gowebserver-deployment",
            "namespace": "gowebserver",
            "timeouts": null
          },
          "sensitive_attributes": [],
          "private": "eyJlMmJmYjczMC1lY2FhLTExZTYtOGY4OC0zNDM2M2JjN2M0YzAiOnsiY3JlYXRlIjoxODAwMDAwMDAwMDAsImRlbGV0ZSI6MTgwMDAwMDAwMDAwLCJ1cGRhdGUiOjE4MDAwMDAwMDAwMH19",
          "dependencies": [
            "data.template_file.goserver-deployment"
          ]
        }
      ]
    },
    {
      "mode": "managed",
      "type": "kubernetes_manifest",
      "name": "goserver-service",
      "provider": "provider[\"registry.terraform.io/hashicorp/kubernetes\"]",
      "instances": [
        {
          "schema_version": 1,
          "attributes": {
            "computed_fields": null,
            "field_manager": [],
            "manifest": {
              "value": {
                "apiVersion": "v1",
                "kind": "Service",
                "metadata": {
                  "name": "gowebserver-service",
                  "namespace": "gowebserver"
                },
                "spec": {
                  "ports": [
                    {
                      "port": 8080,
                      "protocol": "TCP",
                      "targetPort": 8080
                    }
                  ],
                  "selector": {
                    "app": "gowebserver"
                  },
                  "type": "LoadBalancer"
                }
              },
              "type": [
                "object",
                {
                  "apiVersion": "string",
                  "kind": "string",
                  "metadata": [
                    "object",
                    {
                      "name": "string",
                      "namespace": "string"
                    }
                  ],
                  "spec": [
                    "object",
                    {
                      "ports": [
                        "tuple",
                        [
                          [
                            "object",
                            {
                              "port": "number",
                              "protocol": "string",
                              "targetPort": "number"
                            }
                          ]
                        ]
                      ],
                      "selector": [
                        "object",
                        {
                          "app": "string"
                        }
                      ],
                      "type": "string"
                    }
                  ]
                }
              ]
            },
            "object": {
              "value": {
                "apiVersion": "v1",
                "kind": "Service",
                "metadata": {
                  "annotations": null,
                  "clusterName": null,
                  "creationTimestamp": null,
                  "deletionGracePeriodSeconds": null,
                  "deletionTimestamp": null,
                  "finalizers": null,
                  "generateName": null,
                  "generation": null,
                  "labels": null,
                  "managedFields": null,
                  "name": "gowebserver-service",
                  "namespace": "gowebserver",
                  "ownerReferences": null,
                  "resourceVersion": null,
                  "selfLink": null,
                  "uid": null
                },
                "spec": {
                  "clusterIP": "10.100.152.72",
                  "externalIPs": null,
                  "externalName": null,
                  "externalTrafficPolicy": "Cluster",
                  "healthCheckNodePort": null,
                  "ipFamily": null,
                  "loadBalancerIP": null,
                  "loadBalancerSourceRanges": null,
                  "ports": [
                    {
                      "appProtocol": null,
                      "name": null,
                      "nodePort": 31046,
                      "port": 8080,
                      "protocol": "TCP",
                      "targetPort": "8080"
                    }
                  ],
                  "publishNotReadyAddresses": null,
                  "selector": {
                    "app": "gowebserver"
                  },
                  "sessionAffinity": "None",
                  "sessionAffinityConfig": {
                    "clientIP": {
                      "timeoutSeconds": null
                    }
                  },
                  "topologyKeys": null,
                  "type": "LoadBalancer"
                }
              },
              "type": [
                "object",
                {
                  "apiVersion": "string",
                  "kind": "string",
                  "metadata": [
                    "object",
                    {
                      "annotations": [
                        "map",
                        "string"
                      ],
                      "clusterName": "string",
                      "creationTimestamp": "string",
                      "deletionGracePeriodSeconds": "number",
                      "deletionTimestamp": "string",
                      "finalizers": [
                        "list",
                        "string"
                      ],
                      "generateName": "string",
                      "generation": "number",
                      "labels": [
                        "map",
                        "string"
                      ],
                      "managedFields": [
                        "tuple",
                        [
                          [
                            "object",
                            {
                              "apiVersion": "string",
                              "fieldsType": "string",
                              "fieldsV1": "dynamic",
                              "manager": "string",
                              "operation": "string",
                              "time": "string"
                            }
                          ]
                        ]
                      ],
                      "name": "string",
                      "namespace": "string",
                      "ownerReferences": [
                        "list",
                        [
                          "object",
                          {
                            "apiVersion": "string",
                            "blockOwnerDeletion": "bool",
                            "controller": "bool",
                            "kind": "string",
                            "name": "string",
                            "uid": "string"
                          }
                        ]
                      ],
                      "resourceVersion": "string",
                      "selfLink": "string",
                      "uid": "string"
                    }
                  ],
                  "spec": [
                    "object",
                    {
                      "clusterIP": "string",
                      "externalIPs": [
                        "list",
                        "string"
                      ],
                      "externalName": "string",
                      "externalTrafficPolicy": "string",
                      "healthCheckNodePort": "number",
                      "ipFamily": "string",
                      "loadBalancerIP": "string",
                      "loadBalancerSourceRanges": [
                        "list",
                        "string"
                      ],
                      "ports": [
                        "list",
                        [
                          "object",
                          {
                            "appProtocol": "string",
                            "name": "string",
                            "nodePort": "number",
                            "port": "number",
                            "protocol": "string",
                            "targetPort": "string"
                          }
                        ]
                      ],
                      "publishNotReadyAddresses": "bool",
                      "selector": [
                        "map",
                        "string"
                      ],
                      "sessionAffinity": "string",
                      "sessionAffinityConfig": [
                        "object",
                        {
                          "clientIP": [
                            "object",
                            {
                              "timeoutSeconds": "number"
                            }
                          ]
                        }
                      ],
                      "topologyKeys": [
                        "list",
                        "string"
                      ],
                      "type": "string"
                    }
                  ]
                }
              ]
            },
            "timeouts": [],
            "wait": [],
            "wait_for": null
          },
          "sensitive_attributes": []
        }
      ]
    },
    {
      "mode": "managed",
      "type": "kubernetes_namespace",
      "name": "goserver-namespace",
      "provider": "provider[\"registry.terraform.io/hashicorp/kubernetes\"]",
      "instances": [
        {
          "schema_version": 0,
          "attributes": {
            "id": "gowebserver",
            "metadata": [
              {
                "annotations": null,
                "generate_name": "",
                "generation": 0,
                "labels": {
                  "name": "gowebserver"
                },
                "name": "gowebserver",
                "resource_version": "3365",
                "uid": "d448176f-aac3-4061-8ca7-eb8ad5ac89dd"
              }
            ],
            "timeouts": null
          },
          "sensitive_attributes": [],
          "private": "eyJlMmJmYjczMC1lY2FhLTExZTYtOGY4OC0zNDM2M2JjN2M0YzAiOnsiZGVsZXRlIjozMDAwMDAwMDAwMDB9fQ=="
        }
      ]
    }
  ]
}
